
Microsoft Visual Studio Solution File, Format Version 12.00
# Visual Studio 15
VisualStudioVersion = 15.0.28010.2048
MinimumVisualStudioVersion = 10.0.40219.1
Project("{FAE04EC0-301F-11D3-BF4B-00C04F79EFBC}") = "Task_01", "Task_01\Task_01.csproj", "{AFF780BD-C89A-400D-BB5E-07B5CCA1B7B1}"
EndProject
Project("{FAE04EC0-301F-11D3-BF4B-00C04F79EFBC}") = "Task_02_(Zadacha_15)", "Task_02_(Zadacha_15)\Task_02_(Zadacha_15).csproj", "{49F51EA7-E92B-4A81-9BE1-71A30CA48EB4}"
EndProject
Project("{FAE04EC0-301F-11D3-BF4B-00C04F79EFBC}") = "Task_03_(Test2-4I)", "Task_03_(Test2-4I)\Task_03_(Test2-4I).csproj", "{EE000800-2105-4206-9C94-00955B971C65}"
EndProject
Project("{FAE04EC0-301F-11D3-BF4B-00C04F79EFBC}") = "Task_04_(83a)", "Task_04_(83a)\Task_04_(83a).csproj", "{B08DE643-FA53-481A-9D37-7A1706E25FE4}"
EndProject
Project("{FAE04EC0-301F-11D3-BF4B-00C04F79EFBC}") = "Task_05_(Zadacha_373)", "Task_05_(Zadacha_373)\Task_05_(Zadacha_373).csproj", "{1A5121DA-CB8B-4908-9E96-C32BFD708CFD}"
EndProject
Project("{FAE04EC0-301F-11D3-BF4B-00C04F79EFBC}") = "Task_06_(Zadacha_404)", "Task_06_(Zadacha_404)\Task_06_(Zadacha_404).csproj", "{EBAE787C-A8BA-4112-B3E1-AB434D84F89D}"
EndProject
Project("{FAE04EC0-301F-11D3-BF4B-00C04F79EFBC}") = "Task_07_(Zadacha_358)", "Task_07_(Zadacha_358)\Task_07_(Zadacha_358).csproj", "{D460DB55-0F3B-4B94-A824-2CC81A8292E3}"
EndProject
Global
	GlobalSection(SolutionConfigurationPlatforms) = preSolution
		Debug|Any CPU = Debug|Any CPU
		Debug|ARM = Debug|ARM
		Debug|x64 = Debug|x64
		Debug|x86 = Debug|x86
		Release|Any CPU = Release|Any CPU
		Release|ARM = Release|ARM
		Release|x64 = Release|x64
		Release|x86 = Release|x86
	EndGlobalSection
	GlobalSection(ProjectConfigurationPlatforms) = postSolution
		{AFF780BD-C89A-400D-BB5E-07B5CCA1B7B1}.Debug|Any CPU.ActiveCfg = Debug|Any CPU
		{AFF780BD-C89A-400D-BB5E-07B5CCA1B7B1}.Debug|Any CPU.Build.0 = Debug|Any CPU
		{AFF780BD-C89A-400D-BB5E-07B5CCA1B7B1}.Debug|ARM.ActiveCfg = Debug|Any CPU
		{AFF780BD-C89A-400D-BB5E-07B5CCA1B7B1}.Debug|ARM.Build.0 = Debug|Any CPU
		{AFF780BD-C89A-400D-BB5E-07B5CCA1B7B1}.Debug|x64.ActiveCfg = Debug|Any CPU
		{AFF780BD-C89A-400D-BB5E-07B5CCA1B7B1}.Debug|x64.Build.0 = Debug|Any CPU
		{AFF780BD-C89A-400D-BB5E-07B5CCA1B7B1}.Debug|x86.ActiveCfg = Debug|Any CPU
		{AFF780BD-C89A-400D-BB5E-07B5CCA1B7B1}.Debug|x86.Build.0 = Debug|Any CPU
		{AFF780BD-C89A-400D-BB5E-07B5CCA1B7B1}.Release|Any CPU.ActiveCfg = Release|Any CPU
		{AFF780BD-C89A-400D-BB5E-07B5CCA1B7B1}.Release|Any CPU.Build.0 = Release|Any CPU
		{AFF780BD-C89A-400D-BB5E-07B5CCA1B7B1}.Release|ARM.ActiveCfg = Release|Any CPU
		{AFF780BD-C89A-400D-BB5E-07B5CCA1B7B1}.Release|ARM.Build.0 = Release|Any CPU
		{AFF780BD-C89A-400D-BB5E-07B5CCA1B7B1}.Release|x64.ActiveCfg = Release|Any CPU
		{AFF780BD-C89A-400D-BB5E-07B5CCA1B7B1}.Release|x64.Build.0 = Release|Any CPU
		{AFF780BD-C89A-400D-BB5E-07B5CCA1B7B1}.Release|x86.ActiveCfg = Release|Any CPU
		{AFF780BD-C89A-400D-BB5E-07B5CCA1B7B1}.Release|x86.Build.0 = Release|Any CPU
		{49F51EA7-E92B-4A81-9BE1-71A30CA48EB4}.Debug|Any CPU.ActiveCfg = Debug|Any CPU
		{49F51EA7-E92B-4A81-9BE1-71A30CA48EB4}.Debug|Any CPU.Build.0 = Debug|Any CPU
		{49F51EA7-E92B-4A81-9BE1-71A30CA48EB4}.Debug|ARM.ActiveCfg = Debug|Any CPU
		{49F51EA7-E92B-4A81-9BE1-71A30CA48EB4}.Debug|ARM.Build.0 = Debug|Any CPU
		{49F51EA7-E92B-4A81-9BE1-71A30CA48EB4}.Debug|x64.ActiveCfg = Debug|Any CPU
		{49F51EA7-E92B-4A81-9BE1-71A30CA48EB4}.Debug|x64.Build.0 = Debug|Any CPU
		{49F51EA7-E92B-4A81-9BE1-71A30CA48EB4}.Debug|x86.ActiveCfg = Debug|Any CPU
		{49F51EA7-E92B-4A81-9BE1-71A30CA48EB4}.Debug|x86.Build.0 = Debug|Any CPU
		{49F51EA7-E92B-4A81-9BE1-71A30CA48EB4}.Release|Any CPU.ActiveCfg = Release|Any CPU
		{49F51EA7-E92B-4A81-9BE1-71A30CA48EB4}.Release|Any CPU.Build.0 = Release|Any CPU
		{49F51EA7-E92B-4A81-9BE1-71A30CA48EB4}.Release|ARM.ActiveCfg = Release|Any CPU
		{49F51EA7-E92B-4A81-9BE1-71A30CA48EB4}.Release|ARM.Build.0 = Release|Any CPU
		{49F51EA7-E92B-4A81-9BE1-71A30CA48EB4}.Release|x64.ActiveCfg = Release|Any CPU
		{49F51EA7-E92B-4A81-9BE1-71A30CA48EB4}.Release|x64.Build.0 = Release|Any CPU
		{49F51EA7-E92B-4A81-9BE1-71A30CA48EB4}.Release|x86.ActiveCfg = Release|Any CPU
		{49F51EA7-E92B-4A81-9BE1-71A30CA48EB4}.Release|x86.Build.0 = Release|Any CPU
		{EE000800-2105-4206-9C94-00955B971C65}.Debug|Any CPU.ActiveCfg = Debug|Any CPU
		{EE000800-2105-4206-9C94-00955B971C65}.Debug|Any CPU.Build.0 = Debug|Any CPU
		{EE000800-2105-4206-9C94-00955B971C65}.Debug|ARM.ActiveCfg = Debug|Any CPU
		{EE000800-2105-4206-9C94-00955B971C65}.Debug|ARM.Build.0 = Debug|Any CPU
		{EE000800-2105-4206-9C94-00955B971C65}.Debug|x64.ActiveCfg = Debug|Any CPU
		{EE000800-2105-4206-9C94-00955B971C65}.Debug|x64.Build.0 = Debug|Any CPU
		{EE000800-2105-4206-9C94-00955B971C65}.Debug|x86.ActiveCfg = Debug|Any CPU
		{EE000800-2105-4206-9C94-00955B971C65}.Debug|x86.Build.0 = Debug|Any CPU
		{EE000800-2105-4206-9C94-00955B971C65}.Release|Any CPU.ActiveCfg = Release|Any CPU
		{EE000800-2105-4206-9C94-00955B971C65}.Release|Any CPU.Build.0 = Release|Any CPU
		{EE000800-2105-4206-9C94-00955B971C65}.Release|ARM.ActiveCfg = Release|Any CPU
		{EE000800-2105-4206-9C94-00955B971C65}.Release|ARM.Build.0 = Release|Any CPU
		{EE000800-2105-4206-9C94-00955B971C65}.Release|x64.ActiveCfg = Release|Any CPU
		{EE000800-2105-4206-9C94-00955B971C65}.Release|x64.Build.0 = Release|Any CPU
		{EE000800-2105-4206-9C94-00955B971C65}.Release|x86.ActiveCfg = Release|Any CPU
		{EE000800-2105-4206-9C94-00955B971C65}.Release|x86.Build.0 = Release|Any CPU
		{B08DE643-FA53-481A-9D37-7A1706E25FE4}.Debug|Any CPU.ActiveCfg = Debug|Any CPU
		{B08DE643-FA53-481A-9D37-7A1706E25FE4}.Debug|Any CPU.Build.0 = Debug|Any CPU
		{B08DE643-FA53-481A-9D37-7A1706E25FE4}.Debug|ARM.ActiveCfg = Debug|Any CPU
		{B08DE643-FA53-481A-9D37-7A1706E25FE4}.Debug|ARM.Build.0 = Debug|Any CPU
		{B08DE643-FA53-481A-9D37-7A1706E25FE4}.Debug|x64.ActiveCfg = Debug|Any CPU
		{B08DE643-FA53-481A-9D37-7A1706E25FE4}.Debug|x64.Build.0 = Debug|Any CPU
		{B08DE643-FA53-481A-9D37-7A1706E25FE4}.Debug|x86.ActiveCfg = Debug|Any CPU
		{B08DE643-FA53-481A-9D37-7A1706E25FE4}.Debug|x86.Build.0 = Debug|Any CPU
		{B08DE643-FA53-481A-9D37-7A1706E25FE4}.Release|Any CPU.ActiveCfg = Release|Any CPU
		{B08DE643-FA53-481A-9D37-7A1706E25FE4}.Release|Any CPU.Build.0 = Release|Any CPU
		{B08DE643-FA53-481A-9D37-7A1706E25FE4}.Release|ARM.ActiveCfg = Release|Any CPU
		{B08DE643-FA53-481A-9D37-7A1706E25FE4}.Release|ARM.Build.0 = Release|Any CPU
		{B08DE643-FA53-481A-9D37-7A1706E25FE4}.Release|x64.ActiveCfg = Release|Any CPU
		{B08DE643-FA53-481A-9D37-7A1706E25FE4}.Release|x64.Build.0 = Release|Any CPU
		{B08DE643-FA53-481A-9D37-7A1706E25FE4}.Release|x86.ActiveCfg = Release|Any CPU
		{B08DE643-FA53-481A-9D37-7A1706E25FE4}.Release|x86.Build.0 = Release|Any CPU
		{1A5121DA-CB8B-4908-9E96-C32BFD708CFD}.Debug|Any CPU.ActiveCfg = Debug|Any CPU
		{1A5121DA-CB8B-4908-9E96-C32BFD708CFD}.Debug|Any CPU.Build.0 = Debug|Any CPU
		{1A5121DA-CB8B-4908-9E96-C32BFD708CFD}.Debug|ARM.ActiveCfg = Debug|Any CPU
		{1A5121DA-CB8B-4908-9E96-C32BFD708CFD}.Debug|ARM.Build.0 = Debug|Any CPU
		{1A5121DA-CB8B-4908-9E96-C32BFD708CFD}.Debug|x64.ActiveCfg = Debug|Any CPU
		{1A5121DA-CB8B-4908-9E96-C32BFD708CFD}.Debug|x64.Build.0 = Debug|Any CPU
		{1A5121DA-CB8B-4908-9E96-C32BFD708CFD}.Debug|x86.ActiveCfg = Debug|Any CPU
		{1A5121DA-CB8B-4908-9E96-C32BFD708CFD}.Debug|x86.Build.0 = Debug|Any CPU
		{1A5121DA-CB8B-4908-9E96-C32BFD708CFD}.Release|Any CPU.ActiveCfg = Release|Any CPU
		{1A5121DA-CB8B-4908-9E96-C32BFD708CFD}.Release|Any CPU.Build.0 = Release|Any CPU
		{1A5121DA-CB8B-4908-9E96-C32BFD708CFD}.Release|ARM.ActiveCfg = Release|Any CPU
		{1A5121DA-CB8B-4908-9E96-C32BFD708CFD}.Release|ARM.Build.0 = Release|Any CPU
		{1A5121DA-CB8B-4908-9E96-C32BFD708CFD}.Release|x64.ActiveCfg = Release|Any CPU
		{1A5121DA-CB8B-4908-9E96-C32BFD708CFD}.Release|x64.Build.0 = Release|Any CPU
		{1A5121DA-CB8B-4908-9E96-C32BFD708CFD}.Release|x86.ActiveCfg = Release|Any CPU
		{1A5121DA-CB8B-4908-9E96-C32BFD708CFD}.Release|x86.Build.0 = Release|Any CPU
		{EBAE787C-A8BA-4112-B3E1-AB434D84F89D}.Debug|Any CPU.ActiveCfg = Debug|Any CPU
		{EBAE787C-A8BA-4112-B3E1-AB434D84F89D}.Debug|Any CPU.Build.0 = Debug|Any CPU
		{EBAE787C-A8BA-4112-B3E1-AB434D84F89D}.Debug|ARM.ActiveCfg = Debug|Any CPU
		{EBAE787C-A8BA-4112-B3E1-AB434D84F89D}.Debug|ARM.Build.0 = Debug|Any CPU
		{EBAE787C-A8BA-4112-B3E1-AB434D84F89D}.Debug|x64.ActiveCfg = Debug|Any CPU
		{EBAE787C-A8BA-4112-B3E1-AB434D84F89D}.Debug|x64.Build.0 = Debug|Any CPU
		{EBAE787C-A8BA-4112-B3E1-AB434D84F89D}.Debug|x86.ActiveCfg = Debug|Any CPU
		{EBAE787C-A8BA-4112-B3E1-AB434D84F89D}.Debug|x86.Build.0 = Debug|Any CPU
		{EBAE787C-A8BA-4112-B3E1-AB434D84F89D}.Release|Any CPU.ActiveCfg = Release|Any CPU
		{EBAE787C-A8BA-4112-B3E1-AB434D84F89D}.Release|Any CPU.Build.0 = Release|Any CPU
		{EBAE787C-A8BA-4112-B3E1-AB434D84F89D}.Release|ARM.ActiveCfg = Release|Any CPU
		{EBAE787C-A8BA-4112-B3E1-AB434D84F89D}.Release|ARM.Build.0 = Release|Any CPU
		{EBAE787C-A8BA-4112-B3E1-AB434D84F89D}.Release|x64.ActiveCfg = Release|Any CPU
		{EBAE787C-A8BA-4112-B3E1-AB434D84F89D}.Release|x64.Build.0 = Release|Any CPU
		{EBAE787C-A8BA-4112-B3E1-AB434D84F89D}.Release|x86.ActiveCfg = Release|Any CPU
		{EBAE787C-A8BA-4112-B3E1-AB434D84F89D}.Release|x86.Build.0 = Release|Any CPU
		{D460DB55-0F3B-4B94-A824-2CC81A8292E3}.Debug|Any CPU.ActiveCfg = Debug|Any CPU
		{D460DB55-0F3B-4B94-A824-2CC81A8292E3}.Debug|Any CPU.Build.0 = Debug|Any CPU
		{D460DB55-0F3B-4B94-A824-2CC81A8292E3}.Debug|ARM.ActiveCfg = Debug|Any CPU
		{D460DB55-0F3B-4B94-A824-2CC81A8292E3}.Debug|ARM.Build.0 = Debug|Any CPU
		{D460DB55-0F3B-4B94-A824-2CC81A8292E3}.Debug|x64.ActiveCfg = Debug|Any CPU
		{D460DB55-0F3B-4B94-A824-2CC81A8292E3}.Debug|x64.Build.0 = Debug|Any CPU
		{D460DB55-0F3B-4B94-A824-2CC81A8292E3}.Debug|x86.ActiveCfg = Debug|Any CPU
		{D460DB55-0F3B-4B94-A824-2CC81A8292E3}.Debug|x86.Build.0 = Debug|Any CPU
		{D460DB55-0F3B-4B94-A824-2CC81A8292E3}.Release|Any CPU.ActiveCfg = Release|Any CPU
		{D460DB55-0F3B-4B94-A824-2CC81A8292E3}.Release|Any CPU.Build.0 = Release|Any CPU
		{D460DB55-0F3B-4B94-A824-2CC81A8292E3}.Release|ARM.ActiveCfg = Release|Any CPU
		{D460DB55-0F3B-4B94-A824-2CC81A8292E3}.Release|ARM.Build.0 = Release|Any CPU
		{D460DB55-0F3B-4B94-A824-2CC81A8292E3}.Release|x64.ActiveCfg = Release|Any CPU
		{D460DB55-0F3B-4B94-A824-2CC81A8292E3}.Release|x64.Build.0 = Release|Any CPU
		{D460DB55-0F3B-4B94-A824-2CC81A8292E3}.Release|x86.ActiveCfg = Release|Any CPU
		{D460DB55-0F3B-4B94-A824-2CC81A8292E3}.Release|x86.Build.0 = Release|Any CPU
	EndGlobalSection
	GlobalSection(SolutionProperties) = preSolution
		HideSolutionNode = FALSE
	EndGlobalSection
	GlobalSection(ExtensibilityGlobals) = postSolution
		SolutionGuid = {67798263-613F-4C0C-9DC9-D0AD8E6EAB45}
	EndGlobalSection
EndGlobal
